{
  "name": "pixso-component-audit",
  "version": "0.1.0",
  "lockfileVersion": 3,
  "requires": true,
  "packages": {
    "": {
      "name": "pixso-component-audit",
      "version": "0.1.0",
      "devDependencies": {
        "@pixso/plugin-typings": "latest",
        "typescript": "^5.0.0"
      }
    },
    "node_modules/@pixso/plugin-typings": {
      "version": "2.0.2",
      "resolved": "https://registry.npmjs.org/@pixso/plugin-typings/-/plugin-typings-2.0.2.tgz",
      "integrity": "sha512-M8JhCU+/QJAUBni1gwL/isMAxZM1wtddFNnbP0BjczgKiRv9qiZbtQD4+DsUAj9xo5Fme+sF+O/wApM8PqTm8Q==",
      "dev": true
    },
    "node_modules/typescript": {
      "version": "5.9.3",
      "resolved": "https://registry.npmjs.org/typescript/-/typescript-5.9.3.tgz",
      "integrity": "sha512-jl1vZzPDinLr9eUt3J/t7V6FgNEw9QjvBPdysz9KfQDD41fQrC2Y4vKQdiaUpFT4bXlb1RHhLpp8wtm6M5TgSw==",
      "dev": true,
      "license": "Apache-2.0",
      "bin": {
        "tsc": "bin/tsc",
        "tsserver": "bin/tsserver"
      },
      "engines": {
        "node": ">=14.17"
      }
    }
  }
}
